
Microsoft Visual Studio Solution File, Format Version 12.00
# Visual Studio Version 17
VisualStudioVersion = 17.5.002.0
MinimumVisualStudioVersion = 10.0.40219.1
Project("{9A19103F-16F7-4668-BE54-9A1E7A4F7556}") = "keepr", "keepr\keepr.csproj", "{C52579B2-1ABE-4E3C-B759-0A73D0C61E65}"
EndProject
Global
	GlobalSection(SolutionConfigurationPlatforms) = preSolution
		Debug|Any CPU = Debug|Any CPU
		Release|Any CPU = Release|Any CPU
	EndGlobalSection
	GlobalSection(ProjectConfigurationPlatforms) = postSolution
		{C52579B2-1ABE-4E3C-B759-0A73D0C61E65}.Debug|Any CPU.ActiveCfg = Debug|Any CPU
		{C52579B2-1ABE-4E3C-B759-0A73D0C61E65}.Debug|Any CPU.Build.0 = Debug|Any CPU
		{C52579B2-1ABE-4E3C-B759-0A73D0C61E65}.Release|Any CPU.ActiveCfg = Release|Any CPU
		{C52579B2-1ABE-4E3C-B759-0A73D0C61E65}.Release|Any CPU.Build.0 = Release|Any CPU
	EndGlobalSection
	GlobalSection(SolutionProperties) = preSolution
		HideSolutionNode = FALSE
	EndGlobalSection
	GlobalSection(ExtensibilityGlobals) = postSolution
		SolutionGuid = {077239E5-547A-420B-B9F4-C043A1221027}
	EndGlobalSection
EndGlobal
